Microsoft Visual Studio Solution File, Format Version 12.00
# Visual Studio Version 17
VisualStudioVersion = 17.0.31903.59
MinimumVisualStudioVersion = 10.0.40219.1
Project("{FAE04EC0-301F-11D3-BF4B-00C04F79EFBC}") = "Dokladovka.Agent", "src\Dokladovka.Agent\Dokladovka.Agent.csproj", "{FFBA72B8-4661-4DCF-A746-E8E44A830C20}"
EndProject
Project("{FAE04EC0-301F-11D3-BF4B-00C04F79EFBC}") = "Dokladovka.Agent.Tests", "tests\Dokladovka.Agent.Tests\Dokladovka.Agent.Tests.csproj", "{49D2B2F9-9CE7-462F-A595-3E1B467D5E0B}"
EndProject
Global
	GlobalSection(SolutionConfigurationPlatforms) = preSolution
		Debug|Any CPU = Debug|Any CPU
		Release|Any CPU = Release|Any CPU
	EndGlobalSection
	GlobalSection(ProjectConfigurationPlatforms) = postSolution
		{FFBA72B8-4661-4DCF-A746-E8E44A830C20}.Debug|Any CPU.ActiveCfg = Debug|Any CPU
		{FFBA72B8-4661-4DCF-A746-E8E44A830C20}.Debug|Any CPU.Build.0 = Debug|Any CPU
		{FFBA72B8-4661-4DCF-A746-E8E44A830C20}.Release|Any CPU.ActiveCfg = Release|Any CPU
		{FFBA72B8-4661-4DCF-A746-E8E44A830C20}.Release|Any CPU.Build.0 = Release|Any CPU
		{49D2B2F9-9CE7-462F-A595-3E1B467D5E0B}.Debug|Any CPU.ActiveCfg = Debug|Any CPU
		{49D2B2F9-9CE7-462F-A595-3E1B467D5E0B}.Debug|Any CPU.Build.0 = Debug|Any CPU
		{49D2B2F9-9CE7-462F-A595-3E1B467D5E0B}.Release|Any CPU.ActiveCfg = Release|Any CPU
		{49D2B2F9-9CE7-462F-A595-3E1B467D5E0B}.Release|Any CPU.Build.0 = Release|Any CPU
	EndGlobalSection
EndGlobal
